{
  "version": 4,
  "terraform_version": "0.12.24",
  "serial": 7,
  "lineage": "dc6b040f-96e4-da9b-4137-a33ff96b33a5",
  "outputs": {},
  "resources": [
    {
      "mode": "managed",
      "type": "aws_instance",
      "name": "server",
      "provider": "provider.aws",
      "instances": [
        {
          "schema_version": 1,
          "attributes": {
            "ami": "ami-07ebfd5b3428b6f4d",
            "arn": "arn:aws:ec2:us-east-1:732138673865:instance/i-0c291e92cef4164c2",
            "associate_public_ip_address": true,
            "availability_zone": "us-east-1d",
            "cpu_core_count": 1,
            "cpu_threads_per_core": 1,
            "credit_specification": [
              {
                "cpu_credits": "standard"
              }
            ],
            "disable_api_termination": false,
            "ebs_block_device": [],
            "ebs_optimized": false,
            "enclave_options": [
              {
                "enabled": false
              }
            ],
            "ephemeral_block_device": [],
            "get_password_data": false,
            "hibernation": false,
            "host_id": null,
            "iam_instance_profile": "",
            "id": "i-0c291e92cef4164c2",
            "instance_initiated_shutdown_behavior": null,
            "instance_state": "running",
            "instance_type": "t2.micro",
            "ipv6_address_count": 0,
            "ipv6_addresses": [],
            "key_name": "",
            "metadata_options": [
              {
                "http_endpoint": "enabled",
                "http_put_response_hop_limit": 1,
                "http_tokens": "optional"
              }
            ],
            "monitoring": false,
            "network_interface": [],
            "outpost_arn": "",
            "password_data": "",
            "placement_group": "",
            "primary_network_interface_id": "eni-01c497b4f20f84ca8",
            "private_dns": "ip-172-31-89-209.ec2.internal",
            "private_ip": "172.31.89.209",
            "public_dns": "ec2-3-85-36-242.compute-1.amazonaws.com",
            "public_ip": "3.85.36.242",
            "root_block_device": [
              {
                "delete_on_termination": true,
                "device_name": "/dev/sda1",
                "encrypted": false,
                "iops": 100,
                "kms_key_id": "",
                "tags": {},
                "throughput": 0,
                "volume_id": "vol-01fdcf291882e1fa5",
                "volume_size": 8,
                "volume_type": "gp2"
              }
            ],
            "secondary_private_ips": [],
            "security_groups": [
              "default"
            ],
            "source_dest_check": true,
            "subnet_id": "subnet-00f21def2342e9409",
            "tags": {
              "Environment": "prod",
              "Name": "server02",
              "Provisioner": "Terraform"
            },
            "tenancy": "default",
            "timeouts": null,
            "user_data": null,
            "user_data_base64": null,
            "volume_tags": null,
            "vpc_security_group_ids": [
              "sg-06e152d03c8951683"
            ]
          },
          "private": "eyJlMmJmYjczMC1lY2FhLTExZTYtOGY4OC0zNDM2M2JjN2M0YzAiOnsiY3JlYXRlIjo2MDAwMDAwMDAwMDAsImRlbGV0ZSI6MTIwMDAwMDAwMDAwMCwidXBkYXRlIjo2MDAwMDAwMDAwMDB9LCJzY2hlbWFfdmVyc2lvbiI6IjEifQ=="
        }
      ]
    }
  ]
}
